
Microsoft Visual Studio Solution File, Format Version 12.00
# Visual Studio Version 17
VisualStudioVersion = 17.5.002.0
MinimumVisualStudioVersion = 10.0.40219.1
Project("{9A19103F-16F7-4668-BE54-9A1E7A4F7556}") = "MUSEODESCALZOS", "MUSEODESCALZOS.csproj", "{D8CE8B5B-377B-4C49-BF6D-60AC327BB386}"
EndProject
Global
	GlobalSection(SolutionConfigurationPlatforms) = preSolution
		Debug|Any CPU = Debug|Any CPU
		Release|Any CPU = Release|Any CPU
	EndGlobalSection
	GlobalSection(ProjectConfigurationPlatforms) = postSolution
		{D8CE8B5B-377B-4C49-BF6D-60AC327BB386}.Debug|Any CPU.ActiveCfg = Debug|Any CPU
		{D8CE8B5B-377B-4C49-BF6D-60AC327BB386}.Debug|Any CPU.Build.0 = Debug|Any CPU
		{D8CE8B5B-377B-4C49-BF6D-60AC327BB386}.Release|Any CPU.ActiveCfg = Release|Any CPU
		{D8CE8B5B-377B-4C49-BF6D-60AC327BB386}.Release|Any CPU.Build.0 = Release|Any CPU
	EndGlobalSection
	GlobalSection(SolutionProperties) = preSolution
		HideSolutionNode = FALSE
	EndGlobalSection
	GlobalSection(ExtensibilityGlobals) = postSolution
		SolutionGuid = {A88D7B69-62EB-4EC1-B8FB-67F2D6075622}
	EndGlobalSection
EndGlobal
